
Microsoft Visual Studio Solution File, Format Version 12.00
# Visual Studio Version 17
VisualStudioVersion = 17.11.35327.3
MinimumVisualStudioVersion = 10.0.40219.1
Project("{9A19103F-16F7-4668-BE54-9A1E7A4F7556}") = "DotNet8WebApi.BlogDapper", "DotNetCoreAPI.BlogDapper\DotNet8WebApi.BlogDapper.csproj", "{E3AB61F8-6176-4038-84A0-BDE822154AEE}"
EndProject
Global
	GlobalSection(SolutionConfigurationPlatforms) = preSolution
		Debug|Any CPU = Debug|Any CPU
		Release|Any CPU = Release|Any CPU
	EndGlobalSection
	GlobalSection(ProjectConfigurationPlatforms) = postSolution
		{E3AB61F8-6176-4038-84A0-BDE822154AEE}.Debug|Any CPU.ActiveCfg = Debug|Any CPU
		{E3AB61F8-6176-4038-84A0-BDE822154AEE}.Debug|Any CPU.Build.0 = Debug|Any CPU
		{E3AB61F8-6176-4038-84A0-BDE822154AEE}.Release|Any CPU.ActiveCfg = Release|Any CPU
		{E3AB61F8-6176-4038-84A0-BDE822154AEE}.Release|Any CPU.Build.0 = Release|Any CPU
	EndGlobalSection
	GlobalSection(SolutionProperties) = preSolution
		HideSolutionNode = FALSE
	EndGlobalSection
	GlobalSection(ExtensibilityGlobals) = postSolution
		SolutionGuid = {C41369FC-DB20-499D-8820-5F261BEDDC60}
	EndGlobalSection
EndGlobal
